{
  "requires": true,
  "lockfileVersion": 1,
  "dependencies": {
    "vue-stringify": {
      "version": "0.1.2",
      "resolved": "https://registry.npmjs.org/vue-stringify/-/vue-stringify-0.1.2.tgz",
      "integrity": "sha512-Ut+uZYKjPTGcJMNrE85+q9hTmV9XztxynEAD2mJED6rUzqb9ju1luV2oDYyWCGJBHOURidJmANnY1xpjmw2ZzA=="
    }
  }
}
